
Microsoft Visual Studio Solution File, Format Version 12.00
# Visual Studio 2015
Project("{FAE04EC0-301F-11D3-BF4B-00C04F79EFBC}") = "Money", "Money.csproj", "{C4FA51D3-7E8D-DD33-88F8-190E7BC5C9DF}"
EndProject
Project("{FAE04EC0-301F-11D3-BF4B-00C04F79EFBC}") = "Money.Editor", "Money.Editor.csproj", "{4AABD343-D387-BE28-795A-E349273E495F}"
EndProject
Global
	GlobalSection(SolutionConfigurationPlatforms) = preSolution
		Debug|Any CPU = Debug|Any CPU
		Release|Any CPU = Release|Any CPU
	EndGlobalSection
	GlobalSection(ProjectConfigurationPlatforms) = postSolution
		{C4FA51D3-7E8D-DD33-88F8-190E7BC5C9DF}.Debug|Any CPU.ActiveCfg = Debug|Any CPU
		{C4FA51D3-7E8D-DD33-88F8-190E7BC5C9DF}.Debug|Any CPU.Build.0 = Debug|Any CPU
		{C4FA51D3-7E8D-DD33-88F8-190E7BC5C9DF}.Release|Any CPU.ActiveCfg = Release|Any CPU
		{C4FA51D3-7E8D-DD33-88F8-190E7BC5C9DF}.Release|Any CPU.Build.0 = Release|Any CPU
		{4AABD343-D387-BE28-795A-E349273E495F}.Debug|Any CPU.ActiveCfg = Debug|Any CPU
		{4AABD343-D387-BE28-795A-E349273E495F}.Debug|Any CPU.Build.0 = Debug|Any CPU
		{4AABD343-D387-BE28-795A-E349273E495F}.Release|Any CPU.ActiveCfg = Release|Any CPU
		{4AABD343-D387-BE28-795A-E349273E495F}.Release|Any CPU.Build.0 = Release|Any CPU
	EndGlobalSection
	GlobalSection(SolutionProperties) = preSolution
		HideSolutionNode = FALSE
	EndGlobalSection
EndGlobal
